
Microsoft Visual Studio Solution File, Format Version 12.00
# Visual Studio Version 16
VisualStudioVersion = 16.0.29201.188
MinimumVisualStudioVersion = 10.0.40219.1
Project("{9A19103F-16F7-4668-BE54-9A1E7A4F7556}") = "25_1DebugTest", "DebugTest\25_1DebugTest.csproj", "{FF4D0C60-4B03-47F8-9FCD-365039EAB8BD}"
EndProject
Project("{9A19103F-16F7-4668-BE54-9A1E7A4F7556}") = "40_1SimpleVariabler", "40SimpleVariabler\40_1SimpleVariabler.csproj", "{5F0F57AF-7B34-43AE-A1E3-437B840B0F08}"
EndProject
Project("{9A19103F-16F7-4668-BE54-9A1E7A4F7556}") = "40_3Regnemaskine", "40Regnemaskine\40_3Regnemaskine.csproj", "{04010D0C-13EC-4726-ABCC-9EA0B80A7E6F}"
EndProject
Project("{9A19103F-16F7-4668-BE54-9A1E7A4F7556}") = "40_2DateTimeTimeSpan", "45DateTimeTimeSpan\40_2DateTimeTimeSpan.csproj", "{644F437E-8A5A-488C-8000-BF8FFB552FE3}"
EndProject
Project("{9A19103F-16F7-4668-BE54-9A1E7A4F7556}") = "45_1Strenge", "45Strenge\45_1Strenge.csproj", "{0FDBFF66-9EE6-41DF-BC60-B3A8FB47E940}"
EndProject
Project("{9A19103F-16F7-4668-BE54-9A1E7A4F7556}") = "48_1Enum", "48Enum\48_1Enum.csproj", "{6E2B33EB-4AD6-46C8-929E-C43E47C13668}"
EndProject
Project("{9A19103F-16F7-4668-BE54-9A1E7A4F7556}") = "50_2BreakContinue", "50BreakContinue\50_2BreakContinue.csproj", "{11FB0542-8042-43B6-AA26-C49D39E79675}"
EndProject
Project("{9A19103F-16F7-4668-BE54-9A1E7A4F7556}") = "65_1SimpleFejlhåndtering", "65SimpleFejlhåndtering\65_1SimpleFejlhåndtering.csproj", "{77510DA6-57A5-4EF9-B088-264A50B2E3C0}"
EndProject
Project("{9A19103F-16F7-4668-BE54-9A1E7A4F7556}") = "65_2EgneExceptions", "65EgneExceptions\65_2EgneExceptions.csproj", "{BDB06C0A-03DD-4C2B-9F78-5A1D349B899A}"
EndProject
Project("{9A19103F-16F7-4668-BE54-9A1E7A4F7556}") = "45_2Tuple", "45_2Tuple\45_2Tuple.csproj", "{46444D6D-3726-4A43-9BC8-F0F60D64DB2E}"
EndProject
Project("{9A19103F-16F7-4668-BE54-9A1E7A4F7556}") = "50_1BrugForIf", "50_1BrugForIf\50_1BrugForIf.csproj", "{FBBB32C9-D276-44B5-8925-FB66F9AAA3C7}"
EndProject
Project("{9A19103F-16F7-4668-BE54-9A1E7A4F7556}") = "60_1SimpleMetoder", "60_1SimpleMetoder\60_1SimpleMetoder.csproj", "{A2033869-CF9C-4160-A7CF-81C322E74525}"
EndProject
Project("{FAE04EC0-301F-11D3-BF4B-00C04F79EFBC}") = "60_2StatiskeMetoder", "60_2StatiskeMetoder\60_2StatiskeMetoder.csproj", "{A9206EFA-CCA5-43ED-BF67-B72F0829DB2F}"
EndProject
Project("{FAE04EC0-301F-11D3-BF4B-00C04F79EFBC}") = "60_3Overload", "60_3Overload\60_3Overload.csproj", "{343C2D37-3D7D-41EE-AC60-CCD03BD57342}"
EndProject
Project("{FAE04EC0-301F-11D3-BF4B-00C04F79EFBC}") = "70_1SimpleArray", "70_1SimpleArray\70_1SimpleArray.csproj", "{31945E8E-6823-40AA-8322-5D0F1D02B405}"
EndProject
Project("{FAE04EC0-301F-11D3-BF4B-00C04F79EFBC}") = "70_2ArraySplit", "70_2ArraySplit\70_2ArraySplit.csproj", "{782F00F1-1816-47DE-98B6-50FA706AAF7F}"
EndProject
Project("{FAE04EC0-301F-11D3-BF4B-00C04F79EFBC}") = "75_1SimpleSamlinger", "75_1SimpleSamlinger\75_1SimpleSamlinger.csproj", "{B437559F-9DC4-4931-9706-BDD8F6C60C94}"
EndProject
Global
	GlobalSection(SolutionConfigurationPlatforms) = preSolution
		Debug|Any CPU = Debug|Any CPU
		Release|Any CPU = Release|Any CPU
	EndGlobalSection
	GlobalSection(ProjectConfigurationPlatforms) = postSolution
		{FF4D0C60-4B03-47F8-9FCD-365039EAB8BD}.Debug|Any CPU.ActiveCfg = Debug|Any CPU
		{FF4D0C60-4B03-47F8-9FCD-365039EAB8BD}.Debug|Any CPU.Build.0 = Debug|Any CPU
		{FF4D0C60-4B03-47F8-9FCD-365039EAB8BD}.Release|Any CPU.ActiveCfg = Release|Any CPU
		{FF4D0C60-4B03-47F8-9FCD-365039EAB8BD}.Release|Any CPU.Build.0 = Release|Any CPU
		{5F0F57AF-7B34-43AE-A1E3-437B840B0F08}.Debug|Any CPU.ActiveCfg = Debug|Any CPU
		{5F0F57AF-7B34-43AE-A1E3-437B840B0F08}.Debug|Any CPU.Build.0 = Debug|Any CPU
		{5F0F57AF-7B34-43AE-A1E3-437B840B0F08}.Release|Any CPU.ActiveCfg = Release|Any CPU
		{5F0F57AF-7B34-43AE-A1E3-437B840B0F08}.Release|Any CPU.Build.0 = Release|Any CPU
		{04010D0C-13EC-4726-ABCC-9EA0B80A7E6F}.Debug|Any CPU.ActiveCfg = Debug|Any CPU
		{04010D0C-13EC-4726-ABCC-9EA0B80A7E6F}.Debug|Any CPU.Build.0 = Debug|Any CPU
		{04010D0C-13EC-4726-ABCC-9EA0B80A7E6F}.Release|Any CPU.ActiveCfg = Release|Any CPU
		{04010D0C-13EC-4726-ABCC-9EA0B80A7E6F}.Release|Any CPU.Build.0 = Release|Any CPU
		{644F437E-8A5A-488C-8000-BF8FFB552FE3}.Debug|Any CPU.ActiveCfg = Debug|Any CPU
		{644F437E-8A5A-488C-8000-BF8FFB552FE3}.Debug|Any CPU.Build.0 = Debug|Any CPU
		{644F437E-8A5A-488C-8000-BF8FFB552FE3}.Release|Any CPU.ActiveCfg = Release|Any CPU
		{644F437E-8A5A-488C-8000-BF8FFB552FE3}.Release|Any CPU.Build.0 = Release|Any CPU
		{0FDBFF66-9EE6-41DF-BC60-B3A8FB47E940}.Debug|Any CPU.ActiveCfg = Debug|Any CPU
		{0FDBFF66-9EE6-41DF-BC60-B3A8FB47E940}.Debug|Any CPU.Build.0 = Debug|Any CPU
		{0FDBFF66-9EE6-41DF-BC60-B3A8FB47E940}.Release|Any CPU.ActiveCfg = Release|Any CPU
		{0FDBFF66-9EE6-41DF-BC60-B3A8FB47E940}.Release|Any CPU.Build.0 = Release|Any CPU
		{6E2B33EB-4AD6-46C8-929E-C43E47C13668}.Debug|Any CPU.ActiveCfg = Debug|Any CPU
		{6E2B33EB-4AD6-46C8-929E-C43E47C13668}.Debug|Any CPU.Build.0 = Debug|Any CPU
		{6E2B33EB-4AD6-46C8-929E-C43E47C13668}.Release|Any CPU.ActiveCfg = Release|Any CPU
		{6E2B33EB-4AD6-46C8-929E-C43E47C13668}.Release|Any CPU.Build.0 = Release|Any CPU
		{11FB0542-8042-43B6-AA26-C49D39E79675}.Debug|Any CPU.ActiveCfg = Debug|Any CPU
		{11FB0542-8042-43B6-AA26-C49D39E79675}.Debug|Any CPU.Build.0 = Debug|Any CPU
		{11FB0542-8042-43B6-AA26-C49D39E79675}.Release|Any CPU.ActiveCfg = Release|Any CPU
		{11FB0542-8042-43B6-AA26-C49D39E79675}.Release|Any CPU.Build.0 = Release|Any CPU
		{77510DA6-57A5-4EF9-B088-264A50B2E3C0}.Debug|Any CPU.ActiveCfg = Debug|Any CPU
		{77510DA6-57A5-4EF9-B088-264A50B2E3C0}.Debug|Any CPU.Build.0 = Debug|Any CPU
		{77510DA6-57A5-4EF9-B088-264A50B2E3C0}.Release|Any CPU.ActiveCfg = Release|Any CPU
		{77510DA6-57A5-4EF9-B088-264A50B2E3C0}.Release|Any CPU.Build.0 = Release|Any CPU
		{BDB06C0A-03DD-4C2B-9F78-5A1D349B899A}.Debug|Any CPU.ActiveCfg = Debug|Any CPU
		{BDB06C0A-03DD-4C2B-9F78-5A1D349B899A}.Debug|Any CPU.Build.0 = Debug|Any CPU
		{BDB06C0A-03DD-4C2B-9F78-5A1D349B899A}.Release|Any CPU.ActiveCfg = Release|Any CPU
		{BDB06C0A-03DD-4C2B-9F78-5A1D349B899A}.Release|Any CPU.Build.0 = Release|Any CPU
		{46444D6D-3726-4A43-9BC8-F0F60D64DB2E}.Debug|Any CPU.ActiveCfg = Debug|Any CPU
		{46444D6D-3726-4A43-9BC8-F0F60D64DB2E}.Debug|Any CPU.Build.0 = Debug|Any CPU
		{46444D6D-3726-4A43-9BC8-F0F60D64DB2E}.Release|Any CPU.ActiveCfg = Release|Any CPU
		{46444D6D-3726-4A43-9BC8-F0F60D64DB2E}.Release|Any CPU.Build.0 = Release|Any CPU
		{FBBB32C9-D276-44B5-8925-FB66F9AAA3C7}.Debug|Any CPU.ActiveCfg = Debug|Any CPU
		{FBBB32C9-D276-44B5-8925-FB66F9AAA3C7}.Debug|Any CPU.Build.0 = Debug|Any CPU
		{FBBB32C9-D276-44B5-8925-FB66F9AAA3C7}.Release|Any CPU.ActiveCfg = Release|Any CPU
		{FBBB32C9-D276-44B5-8925-FB66F9AAA3C7}.Release|Any CPU.Build.0 = Release|Any CPU
		{A2033869-CF9C-4160-A7CF-81C322E74525}.Debug|Any CPU.ActiveCfg = Debug|Any CPU
		{A2033869-CF9C-4160-A7CF-81C322E74525}.Debug|Any CPU.Build.0 = Debug|Any CPU
		{A2033869-CF9C-4160-A7CF-81C322E74525}.Release|Any CPU.ActiveCfg = Release|Any CPU
		{A2033869-CF9C-4160-A7CF-81C322E74525}.Release|Any CPU.Build.0 = Release|Any CPU
		{A9206EFA-CCA5-43ED-BF67-B72F0829DB2F}.Debug|Any CPU.ActiveCfg = Debug|Any CPU
		{A9206EFA-CCA5-43ED-BF67-B72F0829DB2F}.Debug|Any CPU.Build.0 = Debug|Any CPU
		{A9206EFA-CCA5-43ED-BF67-B72F0829DB2F}.Release|Any CPU.ActiveCfg = Release|Any CPU
		{A9206EFA-CCA5-43ED-BF67-B72F0829DB2F}.Release|Any CPU.Build.0 = Release|Any CPU
		{343C2D37-3D7D-41EE-AC60-CCD03BD57342}.Debug|Any CPU.ActiveCfg = Debug|Any CPU
		{343C2D37-3D7D-41EE-AC60-CCD03BD57342}.Debug|Any CPU.Build.0 = Debug|Any CPU
		{343C2D37-3D7D-41EE-AC60-CCD03BD57342}.Release|Any CPU.ActiveCfg = Release|Any CPU
		{343C2D37-3D7D-41EE-AC60-CCD03BD57342}.Release|Any CPU.Build.0 = Release|Any CPU
		{31945E8E-6823-40AA-8322-5D0F1D02B405}.Debug|Any CPU.ActiveCfg = Debug|Any CPU
		{31945E8E-6823-40AA-8322-5D0F1D02B405}.Debug|Any CPU.Build.0 = Debug|Any CPU
		{31945E8E-6823-40AA-8322-5D0F1D02B405}.Release|Any CPU.ActiveCfg = Release|Any CPU
		{31945E8E-6823-40AA-8322-5D0F1D02B405}.Release|Any CPU.Build.0 = Release|Any CPU
		{782F00F1-1816-47DE-98B6-50FA706AAF7F}.Debug|Any CPU.ActiveCfg = Debug|Any CPU
		{782F00F1-1816-47DE-98B6-50FA706AAF7F}.Debug|Any CPU.Build.0 = Debug|Any CPU
		{782F00F1-1816-47DE-98B6-50FA706AAF7F}.Release|Any CPU.ActiveCfg = Release|Any CPU
		{782F00F1-1816-47DE-98B6-50FA706AAF7F}.Release|Any CPU.Build.0 = Release|Any CPU
		{B437559F-9DC4-4931-9706-BDD8F6C60C94}.Debug|Any CPU.ActiveCfg = Debug|Any CPU
		{B437559F-9DC4-4931-9706-BDD8F6C60C94}.Debug|Any CPU.Build.0 = Debug|Any CPU
		{B437559F-9DC4-4931-9706-BDD8F6C60C94}.Release|Any CPU.ActiveCfg = Release|Any CPU
		{B437559F-9DC4-4931-9706-BDD8F6C60C94}.Release|Any CPU.Build.0 = Release|Any CPU
	EndGlobalSection
	GlobalSection(SolutionProperties) = preSolution
		HideSolutionNode = FALSE
	EndGlobalSection
	GlobalSection(ExtensibilityGlobals) = postSolution
		SolutionGuid = {C747FDFB-FD28-497A-B551-DFB69E32C882}
	EndGlobalSection
EndGlobal
