
Microsoft Visual Studio Solution File, Format Version 12.00
# Visual Studio Version 16
VisualStudioVersion = 16.0.29201.188
MinimumVisualStudioVersion = 10.0.40219.1
Project("{FAE04EC0-301F-11D3-BF4B-00C04F79EFBC}") = "10DebugTest", "DebugTest\10DebugTest.csproj", "{FF4D0C60-4B03-47F8-9FCD-365039EAB8BD}"
EndProject
Project("{FAE04EC0-301F-11D3-BF4B-00C04F79EFBC}") = "40SimpleVariabler", "40SimpleVariabler\40SimpleVariabler.csproj", "{5F0F57AF-7B34-43AE-A1E3-437B840B0F08}"
EndProject
Project("{FAE04EC0-301F-11D3-BF4B-00C04F79EFBC}") = "40Regnemaskine", "40Regnemaskine\40Regnemaskine.csproj", "{04010D0C-13EC-4726-ABCC-9EA0B80A7E6F}"
EndProject
Project("{FAE04EC0-301F-11D3-BF4B-00C04F79EFBC}") = "45DateTimeTimeSpan", "45DateTimeTimeSpan\45DateTimeTimeSpan.csproj", "{644F437E-8A5A-488C-8000-BF8FFB552FE3}"
EndProject
Project("{FAE04EC0-301F-11D3-BF4B-00C04F79EFBC}") = "45Strenge", "45Strenge\45Strenge.csproj", "{0FDBFF66-9EE6-41DF-BC60-B3A8FB47E940}"
EndProject
Project("{FAE04EC0-301F-11D3-BF4B-00C04F79EFBC}") = "48Enum", "48Enum\48Enum.csproj", "{6E2B33EB-4AD6-46C8-929E-C43E47C13668}"
EndProject
Global
	GlobalSection(SolutionConfigurationPlatforms) = preSolution
		Debug|Any CPU = Debug|Any CPU
		Release|Any CPU = Release|Any CPU
	EndGlobalSection
	GlobalSection(ProjectConfigurationPlatforms) = postSolution
		{FF4D0C60-4B03-47F8-9FCD-365039EAB8BD}.Debug|Any CPU.ActiveCfg = Debug|Any CPU
		{FF4D0C60-4B03-47F8-9FCD-365039EAB8BD}.Debug|Any CPU.Build.0 = Debug|Any CPU
		{FF4D0C60-4B03-47F8-9FCD-365039EAB8BD}.Release|Any CPU.ActiveCfg = Release|Any CPU
		{FF4D0C60-4B03-47F8-9FCD-365039EAB8BD}.Release|Any CPU.Build.0 = Release|Any CPU
		{5F0F57AF-7B34-43AE-A1E3-437B840B0F08}.Debug|Any CPU.ActiveCfg = Debug|Any CPU
		{5F0F57AF-7B34-43AE-A1E3-437B840B0F08}.Debug|Any CPU.Build.0 = Debug|Any CPU
		{5F0F57AF-7B34-43AE-A1E3-437B840B0F08}.Release|Any CPU.ActiveCfg = Release|Any CPU
		{5F0F57AF-7B34-43AE-A1E3-437B840B0F08}.Release|Any CPU.Build.0 = Release|Any CPU
		{04010D0C-13EC-4726-ABCC-9EA0B80A7E6F}.Debug|Any CPU.ActiveCfg = Debug|Any CPU
		{04010D0C-13EC-4726-ABCC-9EA0B80A7E6F}.Debug|Any CPU.Build.0 = Debug|Any CPU
		{04010D0C-13EC-4726-ABCC-9EA0B80A7E6F}.Release|Any CPU.ActiveCfg = Release|Any CPU
		{04010D0C-13EC-4726-ABCC-9EA0B80A7E6F}.Release|Any CPU.Build.0 = Release|Any CPU
		{644F437E-8A5A-488C-8000-BF8FFB552FE3}.Debug|Any CPU.ActiveCfg = Debug|Any CPU
		{644F437E-8A5A-488C-8000-BF8FFB552FE3}.Debug|Any CPU.Build.0 = Debug|Any CPU
		{644F437E-8A5A-488C-8000-BF8FFB552FE3}.Release|Any CPU.ActiveCfg = Release|Any CPU
		{644F437E-8A5A-488C-8000-BF8FFB552FE3}.Release|Any CPU.Build.0 = Release|Any CPU
		{0FDBFF66-9EE6-41DF-BC60-B3A8FB47E940}.Debug|Any CPU.ActiveCfg = Debug|Any CPU
		{0FDBFF66-9EE6-41DF-BC60-B3A8FB47E940}.Debug|Any CPU.Build.0 = Debug|Any CPU
		{0FDBFF66-9EE6-41DF-BC60-B3A8FB47E940}.Release|Any CPU.ActiveCfg = Release|Any CPU
		{0FDBFF66-9EE6-41DF-BC60-B3A8FB47E940}.Release|Any CPU.Build.0 = Release|Any CPU
		{6E2B33EB-4AD6-46C8-929E-C43E47C13668}.Debug|Any CPU.ActiveCfg = Debug|Any CPU
		{6E2B33EB-4AD6-46C8-929E-C43E47C13668}.Debug|Any CPU.Build.0 = Debug|Any CPU
		{6E2B33EB-4AD6-46C8-929E-C43E47C13668}.Release|Any CPU.ActiveCfg = Release|Any CPU
		{6E2B33EB-4AD6-46C8-929E-C43E47C13668}.Release|Any CPU.Build.0 = Release|Any CPU
	EndGlobalSection
	GlobalSection(SolutionProperties) = preSolution
		HideSolutionNode = FALSE
	EndGlobalSection
	GlobalSection(ExtensibilityGlobals) = postSolution
		SolutionGuid = {C747FDFB-FD28-497A-B551-DFB69E32C882}
	EndGlobalSection
EndGlobal
